# This file is automatically @generated by Cargo.
# It is not intended for manual editing.
[[package]]
name = "ansi-escapes"
version = "0.1.0"
source = "registry+https://github.com/rust-lang/crates.io-index"

[[package]]
name = "day13"
version = "0.1.0"
dependencies = [
 "ansi-escapes 0.1.0 (registry+https://github.com/rust-lang/crates.io-index)",
]

[metadata]
"checksum ansi-escapes 0.1.0 (registry+https://github.com/rust-lang/crates.io-index)" = "163bff5f88583fe2d90e3002ea2a3b613c93b5e3eb84daf7fd539032e32a68b3"
